
Microsoft Visual Studio Solution File, Format Version 12.00
# Visual Studio Version 17
VisualStudioVersion = 17.14.37012.4 d17.14
MinimumVisualStudioVersion = 10.0.40219.1
Project("{FAE04EC0-301F-11D3-BF4B-00C04F79EFBC}") = "YUMAPI", "YUMAPI\YUMAPI.csproj", "{21564944-AEA6-4C45-8848-12A95FE8A40A}"
EndProject
Global
	GlobalSection(SolutionConfigurationPlatforms) = preSolution
		Debug|Any CPU = Debug|Any CPU
		Release|Any CPU = Release|Any CPU
	EndGlobalSection
	GlobalSection(ProjectConfigurationPlatforms) = postSolution
		{21564944-AEA6-4C45-8848-12A95FE8A40A}.Debug|Any CPU.ActiveCfg = Debug|Any CPU
		{21564944-AEA6-4C45-8848-12A95FE8A40A}.Debug|Any CPU.Build.0 = Debug|Any CPU
		{21564944-AEA6-4C45-8848-12A95FE8A40A}.Release|Any CPU.ActiveCfg = Release|Any CPU
		{21564944-AEA6-4C45-8848-12A95FE8A40A}.Release|Any CPU.Build.0 = Release|Any CPU
	EndGlobalSection
	GlobalSection(SolutionProperties) = preSolution
		HideSolutionNode = FALSE
	EndGlobalSection
	GlobalSection(ExtensibilityGlobals) = postSolution
		SolutionGuid = {67D28E74-4604-47CF-B35A-DD19DF85BBAA}
	EndGlobalSection
EndGlobal
